// !$*UTF8*$!
{
	archiveVersion = 1;
	classes = {
	};
	objectVersion = 56;
	objects = {

/* Begin PBXBuildFile section */
		EB8DE7882A53181C009FB842 /* AgentAppApp.swift in Sources */ = {isa = PBXBuildFile; fileRef = EB8DE7872A53181C009FB842 /* AgentAppApp.swift */; };
		EB8DE78A2A53181C009FB842 /* ContentView.swift in Sources */ = {isa = PBXBuildFile; fileRef = EB8DE7892A53181C009FB842 /* ContentView.swift */; };
		EB8DE78C2A53181D009FB842 /* Assets.xcassets in Resources */ = {isa = PBXBuildFile; fileRef = EB8DE78B2A53181D009FB842 /* Assets.xcassets */; };
		EB8DE78F2A53181D009FB842 /* Preview Assets.xcassets in Resources */ = {isa = PBXBuildFile; fileRef = EB8DE78E2A53181D009FB842 /* Preview Assets.xcassets */; };
		EB9F3A872A68861D00125F2E /* PalindromeNumber.swift in Sources */ = {isa = PBXBuildFile; fileRef = EB9F3A862A68861D00125F2E /* PalindromeNumber.swift */; };
		EB9F3A892A6886CB00125F2E /* ValidParentheses .swift in Sources */ = {isa = PBXBuildFile; fileRef = EB9F3A882A6886CB00125F2E /* ValidParentheses .swift */; };
		EB9F3A8D2A69D83500125F2E /* ContainsDuplicate .swift in Sources */ = {isa = PBXBuildFile; fileRef = EB9F3A8C2A69D83500125F2E /* ContainsDuplicate .swift */; };
		EB9F3A8F2A69D8EC00125F2E /* ShuffleTheArray.swift in Sources */ = {isa = PBXBuildFile; fileRef = EB9F3A8E2A69D8EC00125F2E /* ShuffleTheArray.swift */; };
		EBD42B8F2A5D6C46000E57C9 /* AgentAppTests.swift in Sources */ = {isa = PBXBuildFile; fileRef = EBD42B8E2A5D6C46000E57C9 /* AgentAppTests.swift */; };
		EBD42B962A5D7020000E57C9 /* Calculator.swift in Sources */ = {isa = PBXBuildFile; fileRef = EBD42B952A5D7020000E57C9 /* Calculator.swift */; };
		EBFBF74A2A6B32F000099DEA /* ShuffleArrayTests.swift in Sources */ = {isa = PBXBuildFile; fileRef = EBFBF7492A6B32F000099DEA /* ShuffleArrayTests.swift */; };
		EBFBF74C2A6B343100099DEA /* ContainsDuplicateTests.swift in Sources */ = {isa = PBXBuildFile; fileRef = EBFBF74B2A6B343100099DEA /* ContainsDuplicateTests.swift */; };
		EBFBF74E2A6B361400099DEA /* ValidParenthesesTests.swift in Sources */ = {isa = PBXBuildFile; fileRef = EBFBF74D2A6B361400099DEA /* ValidParenthesesTests.swift */; };
		EBFBF7502A6C8CB300099DEA /* PalidromeNumberTests.swift in Sources */ = {isa = PBXBuildFile; fileRef = EBFBF74F2A6C8CB300099DEA /* PalidromeNumberTests.swift */; };
		EBFBF7522A6C8EAF00099DEA /* QueueUsingStacksTests.swift in Sources */ = {isa = PBXBuildFile; fileRef = EBFBF7512A6C8EAF00099DEA /* QueueUsingStacksTests.swift */; };
		EBFBF7542A6C8EC200099DEA /* QueueUsingStacks.swift in Sources */ = {isa = PBXBuildFile; fileRef = EBFBF7532A6C8EC200099DEA /* QueueUsingStacks.swift */; };
/* End PBXBuildFile section */

/* Begin PBXContainerItemProxy section */
		EBD42B902A5D6C46000E57C9 /* PBXContainerItemProxy */ = {
			isa = PBXContainerItemProxy;
			containerPortal = EB8DE77C2A53181C009FB842 /* Project object */;
			proxyType = 1;
			remoteGlobalIDString = EB8DE7832A53181C009FB842;
			remoteInfo = AgentApp;
		};
/* End PBXContainerItemProxy section */

/* Begin PBXFileReference section */
		EB8DE7842A53181C009FB842 /* AgentApp.app */ = {isa = PBXFileReference; explicitFileType = wrapper.application; includeInIndex = 0; path = AgentApp.app; sourceTree = BUILT_PRODUCTS_DIR; };
		EB8DE7872A53181C009FB842 /* AgentAppApp.swift */ = {isa = PBXFileReference; lastKnownFileType = sourcecode.swift; path = AgentAppApp.swift; sourceTree = "<group>"; };
		EB8DE7892A53181C009FB842 /* ContentView.swift */ = {isa = PBXFileReference; lastKnownFileType = sourcecode.swift; path = ContentView.swift; sourceTree = "<group>"; };
		EB8DE78B2A53181D009FB842 /* Assets.xcassets */ = {isa = PBXFileReference; lastKnownFileType = folder.assetcatalog; path = Assets.xcassets; sourceTree = "<group>"; };
		EB8DE78E2A53181D009FB842 /* Preview Assets.xcassets */ = {isa = PBXFileReference; lastKnownFileType = folder.assetcatalog; path = "Preview Assets.xcassets"; sourceTree = "<group>"; };
		EB9F3A862A68861D00125F2E /* PalindromeNumber.swift */ = {isa = PBXFileReference; lastKnownFileType = sourcecode.swift; path = PalindromeNumber.swift; sourceTree = "<group>"; };
		EB9F3A882A6886CB00125F2E /* ValidParentheses .swift */ = {isa = PBXFileReference; lastKnownFileType = sourcecode.swift; path = "ValidParentheses .swift"; sourceTree = "<group>"; };
		EB9F3A8C2A69D83500125F2E /* ContainsDuplicate .swift */ = {isa = PBXFileReference; lastKnownFileType = sourcecode.swift; path = "ContainsDuplicate .swift"; sourceTree = "<group>"; };
		EB9F3A8E2A69D8EC00125F2E /* ShuffleTheArray.swift */ = {isa = PBXFileReference; lastKnownFileType = sourcecode.swift; path = ShuffleTheArray.swift; sourceTree = "<group>"; };
		EBD42B8C2A5D6C46000E57C9 /* AgentAppTests.xctest */ = {isa = PBXFileReference; explicitFileType = wrapper.cfbundle; includeInIndex = 0; path = AgentAppTests.xctest; sourceTree = BUILT_PRODUCTS_DIR; };
		EBD42B8E2A5D6C46000E57C9 /* AgentAppTests.swift */ = {isa = PBXFileReference; lastKnownFileType = sourcecode.swift; path = AgentAppTests.swift; sourceTree = "<group>"; };
		EBD42B952A5D7020000E57C9 /* Calculator.swift */ = {isa = PBXFileReference; lastKnownFileType = sourcecode.swift; path = Calculator.swift; sourceTree = "<group>"; };
		EBFBF7492A6B32F000099DEA /* ShuffleArrayTests.swift */ = {isa = PBXFileReference; lastKnownFileType = sourcecode.swift; path = ShuffleArrayTests.swift; sourceTree = "<group>"; };
		EBFBF74B2A6B343100099DEA /* ContainsDuplicateTests.swift */ = {isa = PBXFileReference; lastKnownFileType = sourcecode.swift; path = ContainsDuplicateTests.swift; sourceTree = "<group>"; };
		EBFBF74D2A6B361400099DEA /* ValidParenthesesTests.swift */ = {isa = PBXFileReference; lastKnownFileType = sourcecode.swift; path = ValidParenthesesTests.swift; sourceTree = "<group>"; };
		EBFBF74F2A6C8CB300099DEA /* PalidromeNumberTests.swift */ = {isa = PBXFileReference; lastKnownFileType = sourcecode.swift; path = PalidromeNumberTests.swift; sourceTree = "<group>"; };
		EBFBF7512A6C8EAF00099DEA /* QueueUsingStacksTests.swift */ = {isa = PBXFileReference; lastKnownFileType = sourcecode.swift; path = QueueUsingStacksTests.swift; sourceTree = "<group>"; };
		EBFBF7532A6C8EC200099DEA /* QueueUsingStacks.swift */ = {isa = PBXFileReference; lastKnownFileType = sourcecode.swift; path = QueueUsingStacks.swift; sourceTree = "<group>"; };
/* End PBXFileReference section */

/* Begin PBXFrameworksBuildPhase section */
		EB8DE7812A53181C009FB842 /* Frameworks */ = {
			isa = PBXFrameworksBuildPhase;
			buildActionMask = 2147483647;
			files = (
			);
			runOnlyForDeploymentPostprocessing = 0;
		};
		EBD42B892A5D6C46000E57C9 /* Frameworks */ = {
			isa = PBXFrameworksBuildPhase;
			buildActionMask = 2147483647;
			files = (
			);
			runOnlyForDeploymentPostprocessing = 0;
		};
/* End PBXFrameworksBuildPhase section */

/* Begin PBXGroup section */
		EB8DE77B2A53181C009FB842 = {
			isa = PBXGroup;
			children = (
				EB9F3A852A68858100125F2E /* Algorithms */,
				EB8DE7862A53181C009FB842 /* AgentApp */,
				EBD42B8D2A5D6C46000E57C9 /* AgentAppTests */,
				EB8DE7852A53181C009FB842 /* Products */,
			);
			sourceTree = "<group>";
		};
		EB8DE7852A53181C009FB842 /* Products */ = {
			isa = PBXGroup;
			children = (
				EB8DE7842A53181C009FB842 /* AgentApp.app */,
				EBD42B8C2A5D6C46000E57C9 /* AgentAppTests.xctest */,
			);
			name = Products;
			sourceTree = "<group>";
		};
		EB8DE7862A53181C009FB842 /* AgentApp */ = {
			isa = PBXGroup;
			children = (
				EB8DE7872A53181C009FB842 /* AgentAppApp.swift */,
				EB8DE7892A53181C009FB842 /* ContentView.swift */,
				EB8DE78B2A53181D009FB842 /* Assets.xcassets */,
				EB8DE78D2A53181D009FB842 /* Preview Content */,
				EBD42B952A5D7020000E57C9 /* Calculator.swift */,
			);
			path = AgentApp;
			sourceTree = "<group>";
		};
		EB8DE78D2A53181D009FB842 /* Preview Content */ = {
			isa = PBXGroup;
			children = (
				EB8DE78E2A53181D009FB842 /* Preview Assets.xcassets */,
			);
			path = "Preview Content";
			sourceTree = "<group>";
		};
		EB9F3A852A68858100125F2E /* Algorithms */ = {
			isa = PBXGroup;
			children = (
				EB9F3A862A68861D00125F2E /* PalindromeNumber.swift */,
				EB9F3A882A6886CB00125F2E /* ValidParentheses .swift */,
				EB9F3A8C2A69D83500125F2E /* ContainsDuplicate .swift */,
				EB9F3A8E2A69D8EC00125F2E /* ShuffleTheArray.swift */,
				EBFBF7532A6C8EC200099DEA /* QueueUsingStacks.swift */,
			);
			path = Algorithms;
			sourceTree = "<group>";
		};
		EBD42B8D2A5D6C46000E57C9 /* AgentAppTests */ = {
			isa = PBXGroup;
			children = (
				EBFBF7512A6C8EAF00099DEA /* QueueUsingStacksTests.swift */,
				EBD42B8E2A5D6C46000E57C9 /* AgentAppTests.swift */,
				EBFBF7492A6B32F000099DEA /* ShuffleArrayTests.swift */,
				EBFBF74B2A6B343100099DEA /* ContainsDuplicateTests.swift */,
				EBFBF74D2A6B361400099DEA /* ValidParenthesesTests.swift */,
				EBFBF74F2A6C8CB300099DEA /* PalidromeNumberTests.swift */,
			);
			path = AgentAppTests;
			sourceTree = "<group>";
		};
/* End PBXGroup section */

/* Begin PBXNativeTarget section */
		EB8DE7832A53181C009FB842 /* AgentApp */ = {
			isa = PBXNativeTarget;
			buildConfigurationList = EB8DE7922A53181D009FB842 /* Build configuration list for PBXNativeTarget "AgentApp" */;
			buildPhases = (
				EB8DE7802A53181C009FB842 /* Sources */,
				EB8DE7812A53181C009FB842 /* Frameworks */,
				EB8DE7822A53181C009FB842 /* Resources */,
			);
			buildRules = (
			);
			dependencies = (
			);
			name = AgentApp;
			productName = AgentApp;
			productReference = EB8DE7842A53181C009FB842 /* AgentApp.app */;
			productType = "com.apple.product-type.application";
		};
		EBD42B8B2A5D6C46000E57C9 /* AgentAppTests */ = {
			isa = PBXNativeTarget;
			buildConfigurationList = EBD42B942A5D6C46000E57C9 /* Build configuration list for PBXNativeTarget "AgentAppTests" */;
			buildPhases = (
				EBD42B882A5D6C46000E57C9 /* Sources */,
				EBD42B892A5D6C46000E57C9 /* Frameworks */,
				EBD42B8A2A5D6C46000E57C9 /* Resources */,
			);
			buildRules = (
			);
			dependencies = (
				EBD42B912A5D6C46000E57C9 /* PBXTargetDependency */,
			);
			name = AgentAppTests;
			productName = AgentAppTests;
			productReference = EBD42B8C2A5D6C46000E57C9 /* AgentAppTests.xctest */;
			productType = "com.apple.product-type.bundle.unit-test";
		};
/* End PBXNativeTarget section */

/* Begin PBXProject section */
		EB8DE77C2A53181C009FB842 /* Project object */ = {
			isa = PBXProject;
			attributes = {
				BuildIndependentTargetsInParallel = 1;
				LastSwiftUpdateCheck = 1430;
				LastUpgradeCheck = 1430;
				TargetAttributes = {
					EB8DE7832A53181C009FB842 = {
						CreatedOnToolsVersion = 14.3;
					};
					EBD42B8B2A5D6C46000E57C9 = {
						CreatedOnToolsVersion = 14.3;
						TestTargetID = EB8DE7832A53181C009FB842;
					};
				};
			};
			buildConfigurationList = EB8DE77F2A53181C009FB842 /* Build configuration list for PBXProject "AgentApp" */;
			compatibilityVersion = "Xcode 14.0";
			developmentRegion = en;
			hasScannedForEncodings = 0;
			knownRegions = (
				en,
				Base,
			);
			mainGroup = EB8DE77B2A53181C009FB842;
			productRefGroup = EB8DE7852A53181C009FB842 /* Products */;
			projectDirPath = "";
			projectRoot = "";
			targets = (
				EB8DE7832A53181C009FB842 /* AgentApp */,
				EBD42B8B2A5D6C46000E57C9 /* AgentAppTests */,
			);
		};
/* End PBXProject section */

/* Begin PBXResourcesBuildPhase section */
		EB8DE7822A53181C009FB842 /* Resources */ = {
			isa = PBXResourcesBuildPhase;
			buildActionMask = 2147483647;
			files = (
				EB8DE78F2A53181D009FB842 /* Preview Assets.xcassets in Resources */,
				EB8DE78C2A53181D009FB842 /* Assets.xcassets in Resources */,
			);
			runOnlyForDeploymentPostprocessing = 0;
		};
		EBD42B8A2A5D6C46000E57C9 /* Resources */ = {
			isa = PBXResourcesBuildPhase;
			buildActionMask = 2147483647;
			files = (
			);
			runOnlyForDeploymentPostprocessing = 0;
		};
/* End PBXResourcesBuildPhase section */

/* Begin PBXSourcesBuildPhase section */
		EB8DE7802A53181C009FB842 /* Sources */ = {
			isa = PBXSourcesBuildPhase;
			buildActionMask = 2147483647;
			files = (
				EB8DE78A2A53181C009FB842 /* ContentView.swift in Sources */,
				EB9F3A872A68861D00125F2E /* PalindromeNumber.swift in Sources */,
				EB9F3A892A6886CB00125F2E /* ValidParentheses .swift in Sources */,
				EB8DE7882A53181C009FB842 /* AgentAppApp.swift in Sources */,
				EBD42B962A5D7020000E57C9 /* Calculator.swift in Sources */,
				EBFBF7542A6C8EC200099DEA /* QueueUsingStacks.swift in Sources */,
				EB9F3A8D2A69D83500125F2E /* ContainsDuplicate .swift in Sources */,
				EB9F3A8F2A69D8EC00125F2E /* ShuffleTheArray.swift in Sources */,
			);
			runOnlyForDeploymentPostprocessing = 0;
		};
		EBD42B882A5D6C46000E57C9 /* Sources */ = {
			isa = PBXSourcesBuildPhase;
			buildActionMask = 2147483647;
			files = (
				EBFBF74C2A6B343100099DEA /* ContainsDuplicateTests.swift in Sources */,
				EBD42B8F2A5D6C46000E57C9 /* AgentAppTests.swift in Sources */,
				EBFBF74A2A6B32F000099DEA /* ShuffleArrayTests.swift in Sources */,
				EBFBF7522A6C8EAF00099DEA /* QueueUsingStacksTests.swift in Sources */,
				EBFBF7502A6C8CB300099DEA /* PalidromeNumberTests.swift in Sources */,
				EBFBF74E2A6B361400099DEA /* ValidParenthesesTests.swift in Sources */,
			);
			runOnlyForDeploymentPostprocessing = 0;
		};
/* End PBXSourcesBuildPhase section */

/* Begin PBXTargetDependency section */
		EBD42B912A5D6C46000E57C9 /* PBXTargetDependency */ = {
			isa = PBXTargetDependency;
			target = EB8DE7832A53181C009FB842 /* AgentApp */;
			targetProxy = EBD42B902A5D6C46000E57C9 /* PBXContainerItemProxy */;
		};
/* End PBXTargetDependency section */

/* Begin XCBuildConfiguration section */
		EB8DE7902A53181D009FB842 /* Debug */ = {
			isa = XCBuildConfiguration;
			buildSettings = {
				ALWAYS_SEARCH_USER_PATHS = NO;
				CLANG_ANALYZER_NONNULL = YES;
				CLANG_ANALYZER_NUMBER_OBJECT_CONVERSION = YES_AGGRESSIVE;
				CLANG_CXX_LANGUAGE_STANDARD = "gnu++20";
				CLANG_ENABLE_MODULES = YES;
				CLANG_ENABLE_OBJC_ARC = YES;
				CLANG_ENABLE_OBJC_WEAK = YES;
				CLANG_WARN_BLOCK_CAPTURE_AUTORELEASING = YES;
				CLANG_WARN_BOOL_CONVERSION = YES;
				CLANG_WARN_COMMA = YES;
				CLANG_WARN_CONSTANT_CONVERSION = YES;
				CLANG_WARN_DEPRECATED_OBJC_IMPLEMENTATIONS = YES;
				CLANG_WARN_DIRECT_OBJC_ISA_USAGE = YES_ERROR;
				CLANG_WARN_DOCUMENTATION_COMMENTS = YES;
				CLANG_WARN_EMPTY_BODY = YES;
				CLANG_WARN_ENUM_CONVERSION = YES;
				CLANG_WARN_INFINITE_RECURSION = YES;
				CLANG_WARN_INT_CONVERSION = YES;
				CLANG_WARN_NON_LITERAL_NULL_CONVERSION = YES;
				CLANG_WARN_OBJC_IMPLICIT_RETAIN_SELF = YES;
				CLANG_WARN_OBJC_LITERAL_CONVERSION = YES;
				CLANG_WARN_OBJC_ROOT_CLASS = YES_ERROR;
				CLANG_WARN_QUOTED_INCLUDE_IN_FRAMEWORK_HEADER = YES;
				CLANG_WARN_RANGE_LOOP_ANALYSIS = YES;
				CLANG_WARN_STRICT_PROTOTYPES = YES;
				CLANG_WARN_SUSPICIOUS_MOVE = YES;
				CLANG_WARN_UNGUARDED_AVAILABILITY = YES_AGGRESSIVE;
				CLANG_WARN_UNREACHABLE_CODE = YES;
				CLANG_WARN__DUPLICATE_METHOD_MATCH = YES;
				COPY_PHASE_STRIP = NO;
				DEBUG_INFORMATION_FORMAT = dwarf;
				ENABLE_STRICT_OBJC_MSGSEND = YES;
				ENABLE_TESTABILITY = YES;
				GCC_C_LANGUAGE_STANDARD = gnu11;
				GCC_DYNAMIC_NO_PIC = NO;
				GCC_NO_COMMON_BLOCKS = YES;
				GCC_OPTIMIZATION_LEVEL = 0;
				GCC_PREPROCESSOR_DEFINITIONS = (
					"DEBUG=1",
					"$(inherited)",
				);
				GCC_WARN_64_TO_32_BIT_CONVERSION = YES;
				GCC_WARN_ABOUT_RETURN_TYPE = YES_ERROR;
				GCC_WARN_UNDECLARED_SELECTOR = YES;
				GCC_WARN_UNINITIALIZED_AUTOS = YES_AGGRESSIVE;
				GCC_WARN_UNUSED_FUNCTION = YES;
				GCC_WARN_UNUSED_VARIABLE = YES;
				IPHONEOS_DEPLOYMENT_TARGET = 16.4;
				MTL_ENABLE_DEBUG_INFO = INCLUDE_SOURCE;
				MTL_FAST_MATH = YES;
				ONLY_ACTIVE_ARCH = YES;
				SDKROOT = iphoneos;
				SWIFT_ACTIVE_COMPILATION_CONDITIONS = DEBUG;
				SWIFT_OPTIMIZATION_LEVEL = "-Onone";
			};
			name = Debug;
		};
		EB8DE7912A53181D009FB842 /* Release */ = {
			isa = XCBuildConfiguration;
			buildSettings = {
				ALWAYS_SEARCH_USER_PATHS = NO;
				CLANG_ANALYZER_NONNULL = YES;
				CLANG_ANALYZER_NUMBER_OBJECT_CONVERSION = YES_AGGRESSIVE;
				CLANG_CXX_LANGUAGE_STANDARD = "gnu++20";
				CLANG_ENABLE_MODULES = YES;
				CLANG_ENABLE_OBJC_ARC = YES;
				CLANG_ENABLE_OBJC_WEAK = YES;
				CLANG_WARN_BLOCK_CAPTURE_AUTORELEASING = YES;
				CLANG_WARN_BOOL_CONVERSION = YES;
				CLANG_WARN_COMMA = YES;
				CLANG_WARN_CONSTANT_CONVERSION = YES;
				CLANG_WARN_DEPRECATED_OBJC_IMPLEMENTATIONS = YES;
				CLANG_WARN_DIRECT_OBJC_ISA_USAGE = YES_ERROR;
				CLANG_WARN_DOCUMENTATION_COMMENTS = YES;
				CLANG_WARN_EMPTY_BODY = YES;
				CLANG_WARN_ENUM_CONVERSION = YES;
				CLANG_WARN_INFINITE_RECURSION = YES;
				CLANG_WARN_INT_CONVERSION = YES;
				CLANG_WARN_NON_LITERAL_NULL_CONVERSION = YES;
				CLANG_WARN_OBJC_IMPLICIT_RETAIN_SELF = YES;
				CLANG_WARN_OBJC_LITERAL_CONVERSION = YES;
				CLANG_WARN_OBJC_ROOT_CLASS = YES_ERROR;
				CLANG_WARN_QUOTED_INCLUDE_IN_FRAMEWORK_HEADER = YES;
				CLANG_WARN_RANGE_LOOP_ANALYSIS = YES;
				CLANG_WARN_STRICT_PROTOTYPES = YES;
				CLANG_WARN_SUSPICIOUS_MOVE = YES;
				CLANG_WARN_UNGUARDED_AVAILABILITY = YES_AGGRESSIVE;
				CLANG_WARN_UNREACHABLE_CODE = YES;
				CLANG_WARN__DUPLICATE_METHOD_MATCH = YES;
				COPY_PHASE_STRIP = NO;
				DEBUG_INFORMATION_FORMAT = "dwarf-with-dsym";
				ENABLE_NS_ASSERTIONS = NO;
				ENABLE_STRICT_OBJC_MSGSEND = YES;
				GCC_C_LANGUAGE_STANDARD = gnu11;
				GCC_NO_COMMON_BLOCKS = YES;
				GCC_WARN_64_TO_32_BIT_CONVERSION = YES;
				GCC_WARN_ABOUT_RETURN_TYPE = YES_ERROR;
				GCC_WARN_UNDECLARED_SELECTOR = YES;
				GCC_WARN_UNINITIALIZED_AUTOS = YES_AGGRESSIVE;
				GCC_WARN_UNUSED_FUNCTION = YES;
				GCC_WARN_UNUSED_VARIABLE = YES;
				IPHONEOS_DEPLOYMENT_TARGET = 16.4;
				MTL_ENABLE_DEBUG_INFO = NO;
				MTL_FAST_MATH = YES;
				SDKROOT = iphoneos;
				SWIFT_COMPILATION_MODE = wholemodule;
				SWIFT_OPTIMIZATION_LEVEL = "-O";
				VALIDATE_PRODUCT = YES;
			};
			name = Release;
		};
		EB8DE7932A53181D009FB842 /* Debug */ = {
			isa = XCBuildConfiguration;
			buildSettings = {
				ASSETCATALOG_COMPILER_APPICON_NAME = AppIcon;
				ASSETCATALOG_COMPILER_GLOBAL_ACCENT_COLOR_NAME = AccentColor;
				CODE_SIGN_STYLE = Automatic;
				CURRENT_PROJECT_VERSION = 1;
				DEVELOPMENT_ASSET_PATHS = "\"AgentApp/Preview Content\"";
				DEVELOPMENT_TEAM = R85N7Z4DTZ;
				ENABLE_PREVIEWS = YES;
				GENERATE_INFOPLIST_FILE = YES;
				INFOPLIST_KEY_UIApplicationSceneManifest_Generation = YES;
				INFOPLIST_KEY_UIApplicationSupportsIndirectInputEvents = YES;
				INFOPLIST_KEY_UILaunchScreen_Generation = YES;
				INFOPLIST_KEY_UISupportedInterfaceOrientations_iPad = "UIInterfaceOrientationPortrait UIInterfaceOrientationPortraitUpsideDown UIInterfaceOrientationLandscapeLeft UIInterfaceOrientationLandscapeRight";
				INFOPLIST_KEY_UISupportedInterfaceOrientations_iPhone = "UIInterfaceOrientationPortrait UIInterfaceOrientationLandscapeLeft UIInterfaceOrientationLandscapeRight";
				LD_RUNPATH_SEARCH_PATHS = (
					"$(inherited)",
					"@executable_path/Frameworks",
				);
				MARKETING_VERSION = 1.0;
				PRODUCT_BUNDLE_IDENTIFIER = c.AgentApp;
				PRODUCT_NAME = "$(TARGET_NAME)";
				SWIFT_EMIT_LOC_STRINGS = YES;
				SWIFT_VERSION = 5.0;
				TARGETED_DEVICE_FAMILY = "1,2";
			};
			name = Debug;
		};
		EB8DE7942A53181D009FB842 /* Release */ = {
			isa = XCBuildConfiguration;
			buildSettings = {
				ASSETCATALOG_COMPILER_APPICON_NAME = AppIcon;
				ASSETCATALOG_COMPILER_GLOBAL_ACCENT_COLOR_NAME = AccentColor;
				CODE_SIGN_STYLE = Automatic;
				CURRENT_PROJECT_VERSION = 1;
				DEVELOPMENT_ASSET_PATHS = "\"AgentApp/Preview Content\"";
				DEVELOPMENT_TEAM = R85N7Z4DTZ;
				ENABLE_PREVIEWS = YES;
				GENERATE_INFOPLIST_FILE = YES;
				INFOPLIST_KEY_UIApplicationSceneManifest_Generation = YES;
				INFOPLIST_KEY_UIApplicationSupportsIndirectInputEvents = YES;
				INFOPLIST_KEY_UILaunchScreen_Generation = YES;
				INFOPLIST_KEY_UISupportedInterfaceOrientations_iPad = "UIInterfaceOrientationPortrait UIInterfaceOrientationPortraitUpsideDown UIInterfaceOrientationLandscapeLeft UIInterfaceOrientationLandscapeRight";
				INFOPLIST_KEY_UISupportedInterfaceOrientations_iPhone = "UIInterfaceOrientationPortrait UIInterfaceOrientationLandscapeLeft UIInterfaceOrientationLandscapeRight";
				LD_RUNPATH_SEARCH_PATHS = (
					"$(inherited)",
					"@executable_path/Frameworks",
				);
				MARKETING_VERSION = 1.0;
				PRODUCT_BUNDLE_IDENTIFIER = c.AgentApp;
				PRODUCT_NAME = "$(TARGET_NAME)";
				SWIFT_EMIT_LOC_STRINGS = YES;
				SWIFT_VERSION = 5.0;
				TARGETED_DEVICE_FAMILY = "1,2";
			};
			name = Release;
		};
		EBD42B922A5D6C46000E57C9 /* Debug */ = {
			isa = XCBuildConfiguration;
			buildSettings = {
				BUNDLE_LOADER = "$(TEST_HOST)";
				CODE_SIGN_STYLE = Automatic;
				CURRENT_PROJECT_VERSION = 1;
				DEVELOPMENT_TEAM = R85N7Z4DTZ;
				GENERATE_INFOPLIST_FILE = YES;
				MARKETING_VERSION = 1.0;
				PRODUCT_BUNDLE_IDENTIFIER = c.AgentAppTests;
				PRODUCT_NAME = "$(TARGET_NAME)";
				SWIFT_EMIT_LOC_STRINGS = NO;
				SWIFT_VERSION = 5.0;
				TARGETED_DEVICE_FAMILY = "1,2";
				TEST_HOST = "$(BUILT_PRODUCTS_DIR)/AgentApp.app/$(BUNDLE_EXECUTABLE_FOLDER_PATH)/AgentApp";
			};
			name = Debug;
		};
		EBD42B932A5D6C46000E57C9 /* Release */ = {
			isa = XCBuildConfiguration;
			buildSettings = {
				BUNDLE_LOADER = "$(TEST_HOST)";
				CODE_SIGN_STYLE = Automatic;
				CURRENT_PROJECT_VERSION = 1;
				DEVELOPMENT_TEAM = R85N7Z4DTZ;
				GENERATE_INFOPLIST_FILE = YES;
				MARKETING_VERSION = 1.0;
				PRODUCT_BUNDLE_IDENTIFIER = c.AgentAppTests;
				PRODUCT_NAME = "$(TARGET_NAME)";
				SWIFT_EMIT_LOC_STRINGS = NO;
				SWIFT_VERSION = 5.0;
				TARGETED_DEVICE_FAMILY = "1,2";
				TEST_HOST = "$(BUILT_PRODUCTS_DIR)/AgentApp.app/$(BUNDLE_EXECUTABLE_FOLDER_PATH)/AgentApp";
			};
			name = Release;
		};
/* End XCBuildConfiguration section */

/* Begin XCConfigurationList section */
		EB8DE77F2A53181C009FB842 /* Build configuration list for PBXProject "AgentApp" */ = {
			isa = XCConfigurationList;
			buildConfigurations = (
				EB8DE7902A53181D009FB842 /* Debug */,
				EB8DE7912A53181D009FB842 /* Release */,
			);
			defaultConfigurationIsVisible = 0;
			defaultConfigurationName = Release;
		};
		EB8DE7922A53181D009FB842 /* Build configuration list for PBXNativeTarget "AgentApp" */ = {
			isa = XCConfigurationList;
			buildConfigurations = (
				EB8DE7932A53181D009FB842 /* Debug */,
				EB8DE7942A53181D009FB842 /* Release */,
			);
			defaultConfigurationIsVisible = 0;
			defaultConfigurationName = Release;
		};
		EBD42B942A5D6C46000E57C9 /* Build configuration list for PBXNativeTarget "AgentAppTests" */ = {
			isa = XCConfigurationList;
			buildConfigurations = (
				EBD42B922A5D6C46000E57C9 /* Debug */,
				EBD42B932A5D6C46000E57C9 /* Release */,
			);
			defaultConfigurationIsVisible = 0;
			defaultConfigurationName = Release;
		};
/* End XCConfigurationList section */
	};
	rootObject = EB8DE77C2A53181C009FB842 /* Project object */;
}
